
Microsoft Visual Studio Solution File, Format Version 12.00
# Visual Studio Version 17
VisualStudioVersion = 17.0.32228.444
MinimumVisualStudioVersion = 10.0.40219.1
Project("{FAE04EC0-301F-11D3-BF4B-00C04F79EFBC}") = "WebApplication1", "WebApplication1.csproj", "{339BFABB-6D4C-405A-BFE2-B16B075D9F09}"
EndProject
Global
	GlobalSection(SolutionConfigurationPlatforms) = preSolution
		Debug|Any CPU = Debug|Any CPU
		Release|Any CPU = Release|Any CPU
	EndGlobalSection
	GlobalSection(ProjectConfigurationPlatforms) = postSolution
		{339BFABB-6D4C-405A-BFE2-B16B075D9F09}.Debug|Any CPU.ActiveCfg = Debug|Any CPU
		{339BFABB-6D4C-405A-BFE2-B16B075D9F09}.Debug|Any CPU.Build.0 = Debug|Any CPU
		{339BFABB-6D4C-405A-BFE2-B16B075D9F09}.Release|Any CPU.ActiveCfg = Release|Any CPU
		{339BFABB-6D4C-405A-BFE2-B16B075D9F09}.Release|Any CPU.Build.0 = Release|Any CPU
	EndGlobalSection
	GlobalSection(SolutionProperties) = preSolution
		HideSolutionNode = FALSE
	EndGlobalSection
	GlobalSection(ExtensibilityGlobals) = postSolution
		SolutionGuid = {2FFD9144-B5A1-4974-94ED-1DBDB088B386}
	EndGlobalSection
EndGlobal
